
Microsoft Visual Studio Solution File, Format Version 12.00
# Visual Studio 14
VisualStudioVersion = 14.0.25420.1
MinimumVisualStudioVersion = 10.0.40219.1
Project("{FAE04EC0-301F-11D3-BF4B-00C04F79EFBC}") = "InventoryManagementSystem", "InventoryManagementSystem\InventoryManagementSystem.csproj", "{712D805D-DC83-4EBE-B4BF-7E880F99EDE8}"
EndProject
Project("{FAE04EC0-301F-11D3-BF4B-00C04F79EFBC}") = "InventoryManagementSystem.Core", "InventoryManagementSystem.Core\InventoryManagementSystem.Core.csproj", "{C07C0FA6-3455-4937-9EF3-75E767C7E2D2}"
EndProject
Project("{FAE04EC0-301F-11D3-BF4B-00C04F79EFBC}") = "InventoryManagementSystem.Data", "InventoryManagementSystem.Data\InventoryManagementSystem.Data.csproj", "{6F577935-F5B9-4271-8E18-84C326CF68D4}"
EndProject
Project("{FAE04EC0-301F-11D3-BF4B-00C04F79EFBC}") = "InventoryManagementSystem.Entity", "InventoryManagementSystem.Entity\InventoryManagementSystem.Entity.csproj", "{F1805ED6-AEDA-41F6-8A01-845D2BA4BCE6}"
EndProject
Global
	GlobalSection(SolutionConfigurationPlatforms) = preSolution
		Debug|Any CPU = Debug|Any CPU
		Release|Any CPU = Release|Any CPU
	EndGlobalSection
	GlobalSection(ProjectConfigurationPlatforms) = postSolution
		{712D805D-DC83-4EBE-B4BF-7E880F99EDE8}.Debug|Any CPU.ActiveCfg = Debug|Any CPU
		{712D805D-DC83-4EBE-B4BF-7E880F99EDE8}.Debug|Any CPU.Build.0 = Debug|Any CPU
		{712D805D-DC83-4EBE-B4BF-7E880F99EDE8}.Release|Any CPU.ActiveCfg = Release|Any CPU
		{712D805D-DC83-4EBE-B4BF-7E880F99EDE8}.Release|Any CPU.Build.0 = Release|Any CPU
		{C07C0FA6-3455-4937-9EF3-75E767C7E2D2}.Debug|Any CPU.ActiveCfg = Debug|Any CPU
		{C07C0FA6-3455-4937-9EF3-75E767C7E2D2}.Debug|Any CPU.Build.0 = Debug|Any CPU
		{C07C0FA6-3455-4937-9EF3-75E767C7E2D2}.Release|Any CPU.ActiveCfg = Release|Any CPU
		{C07C0FA6-3455-4937-9EF3-75E767C7E2D2}.Release|Any CPU.Build.0 = Release|Any CPU
		{6F577935-F5B9-4271-8E18-84C326CF68D4}.Debug|Any CPU.ActiveCfg = Debug|Any CPU
		{6F577935-F5B9-4271-8E18-84C326CF68D4}.Debug|Any CPU.Build.0 = Debug|Any CPU
		{6F577935-F5B9-4271-8E18-84C326CF68D4}.Release|Any CPU.ActiveCfg = Release|Any CPU
		{6F577935-F5B9-4271-8E18-84C326CF68D4}.Release|Any CPU.Build.0 = Release|Any CPU
		{F1805ED6-AEDA-41F6-8A01-845D2BA4BCE6}.Debug|Any CPU.ActiveCfg = Debug|Any CPU
		{F1805ED6-AEDA-41F6-8A01-845D2BA4BCE6}.Debug|Any CPU.Build.0 = Debug|Any CPU
		{F1805ED6-AEDA-41F6-8A01-845D2BA4BCE6}.Release|Any CPU.ActiveCfg = Release|Any CPU
		{F1805ED6-AEDA-41F6-8A01-845D2BA4BCE6}.Release|Any CPU.Build.0 = Release|Any CPU
	EndGlobalSection
	GlobalSection(SolutionProperties) = preSolution
		HideSolutionNode = FALSE
	EndGlobalSection
EndGlobal
